
Microsoft Visual Studio Solution File, Format Version 12.00
# Visual Studio 15
VisualStudioVersion = 15.0.28307.168
MinimumVisualStudioVersion = 10.0.40219.1
Project("{FAE04EC0-301F-11D3-BF4B-00C04F79EFBC}") = "C0722852-CSD-3354-A5", "C0722852-CSD-3354-A5\C0722852-CSD-3354-A5.csproj", "{AC38FB10-B422-4296-9373-06508CD544EC}"
EndProject
Global
	GlobalSection(SolutionConfigurationPlatforms) = preSolution
		Debug|Any CPU = Debug|Any CPU
		Release|Any CPU = Release|Any CPU
	EndGlobalSection
	GlobalSection(ProjectConfigurationPlatforms) = postSolution
		{AC38FB10-B422-4296-9373-06508CD544EC}.Debug|Any CPU.ActiveCfg = Debug|Any CPU
		{AC38FB10-B422-4296-9373-06508CD544EC}.Debug|Any CPU.Build.0 = Debug|Any CPU
		{AC38FB10-B422-4296-9373-06508CD544EC}.Release|Any CPU.ActiveCfg = Release|Any CPU
		{AC38FB10-B422-4296-9373-06508CD544EC}.Release|Any CPU.Build.0 = Release|Any CPU
	EndGlobalSection
	GlobalSection(SolutionProperties) = preSolution
		HideSolutionNode = FALSE
	EndGlobalSection
	GlobalSection(ExtensibilityGlobals) = postSolution
		SolutionGuid = {95CA9346-B884-4C44-9E4D-C70EE610EDC7}
	EndGlobalSection
EndGlobal
